
Microsoft Visual Studio Solution File, Format Version 12.00
# Visual Studio 14
VisualStudioVersion = 14.0.25420.1
MinimumVisualStudioVersion = 10.0.40219.1
Project("{FAE04EC0-301F-11D3-BF4B-00C04F79EFBC}") = "漏电监控模块", "照明模块软件\漏电监控模块.csproj", "{16E038B1-1D6C-49C5-97FE-1986D30A84DC}"
EndProject
Project("{FAE04EC0-301F-11D3-BF4B-00C04F79EFBC}") = "SerialCommLib", "SerialCommLib\SerialCommLib.csproj", "{B45D3827-FCD2-455A-A2AA-D4700F1EAE31}"
EndProject
Project("{FAE04EC0-301F-11D3-BF4B-00C04F79EFBC}") = "注册机", "注册机\注册机.csproj", "{A3C9C609-3588-46C1-9122-6BC19B930BF7}"
EndProject
Project("{FAE04EC0-301F-11D3-BF4B-00C04F79EFBC}") = "编码转换", "系统信息生成\编码转换.csproj", "{37CDBEB4-CE83-435D-8470-1AC1EFB5BE70}"
EndProject
Project("{FAE04EC0-301F-11D3-BF4B-00C04F79EFBC}") = "CAEA.Common.HMIControl", "CAEA.Common.HMIControl\CAEA.Common.HMIControl.csproj", "{C927DFCA-FAE8-4F29-BEDE-0FED556CA834}"
EndProject
Global
	GlobalSection(SolutionConfigurationPlatforms) = preSolution
		CD_ROM|Any CPU = CD_ROM|Any CPU
		CD_ROM|x86 = CD_ROM|x86
		Debug|Any CPU = Debug|Any CPU
		Debug|x86 = Debug|x86
		DVD-5|Any CPU = DVD-5|Any CPU
		DVD-5|x86 = DVD-5|x86
		Release|Any CPU = Release|Any CPU
		Release|x86 = Release|x86
		SingleImage|Any CPU = SingleImage|Any CPU
		SingleImage|x86 = SingleImage|x86
	EndGlobalSection
	GlobalSection(ProjectConfigurationPlatforms) = postSolution
		{16E038B1-1D6C-49C5-97FE-1986D30A84DC}.CD_ROM|Any CPU.ActiveCfg = Release|Any CPU
		{16E038B1-1D6C-49C5-97FE-1986D30A84DC}.CD_ROM|Any CPU.Build.0 = Release|Any CPU
		{16E038B1-1D6C-49C5-97FE-1986D30A84DC}.CD_ROM|x86.ActiveCfg = Debug|Any CPU
		{16E038B1-1D6C-49C5-97FE-1986D30A84DC}.CD_ROM|x86.Build.0 = Debug|Any CPU
		{16E038B1-1D6C-49C5-97FE-1986D30A84DC}.Debug|Any CPU.ActiveCfg = Debug|Any CPU
		{16E038B1-1D6C-49C5-97FE-1986D30A84DC}.Debug|Any CPU.Build.0 = Debug|Any CPU
		{16E038B1-1D6C-49C5-97FE-1986D30A84DC}.Debug|x86.ActiveCfg = Debug|Any CPU
		{16E038B1-1D6C-49C5-97FE-1986D30A84DC}.Debug|x86.Build.0 = Debug|Any CPU
		{16E038B1-1D6C-49C5-97FE-1986D30A84DC}.DVD-5|Any CPU.ActiveCfg = Debug|Any CPU
		{16E038B1-1D6C-49C5-97FE-1986D30A84DC}.DVD-5|Any CPU.Build.0 = Debug|Any CPU
		{16E038B1-1D6C-49C5-97FE-1986D30A84DC}.DVD-5|x86.ActiveCfg = Debug|Any CPU
		{16E038B1-1D6C-49C5-97FE-1986D30A84DC}.DVD-5|x86.Build.0 = Debug|Any CPU
		{16E038B1-1D6C-49C5-97FE-1986D30A84DC}.Release|Any CPU.ActiveCfg = Release|Any CPU
		{16E038B1-1D6C-49C5-97FE-1986D30A84DC}.Release|Any CPU.Build.0 = Release|Any CPU
		{16E038B1-1D6C-49C5-97FE-1986D30A84DC}.Release|x86.ActiveCfg = Release|Any CPU
		{16E038B1-1D6C-49C5-97FE-1986D30A84DC}.Release|x86.Build.0 = Release|Any CPU
		{16E038B1-1D6C-49C5-97FE-1986D30A84DC}.SingleImage|Any CPU.ActiveCfg = Release|Any CPU
		{16E038B1-1D6C-49C5-97FE-1986D30A84DC}.SingleImage|Any CPU.Build.0 = Release|Any CPU
		{16E038B1-1D6C-49C5-97FE-1986D30A84DC}.SingleImage|x86.ActiveCfg = Debug|Any CPU
		{16E038B1-1D6C-49C5-97FE-1986D30A84DC}.SingleImage|x86.Build.0 = Debug|Any CPU
		{B45D3827-FCD2-455A-A2AA-D4700F1EAE31}.CD_ROM|Any CPU.ActiveCfg = Release|Any CPU
		{B45D3827-FCD2-455A-A2AA-D4700F1EAE31}.CD_ROM|Any CPU.Build.0 = Release|Any CPU
		{B45D3827-FCD2-455A-A2AA-D4700F1EAE31}.CD_ROM|x86.ActiveCfg = Debug|Any CPU
		{B45D3827-FCD2-455A-A2AA-D4700F1EAE31}.CD_ROM|x86.Build.0 = Debug|Any CPU
		{B45D3827-FCD2-455A-A2AA-D4700F1EAE31}.Debug|Any CPU.ActiveCfg = Debug|Any CPU
		{B45D3827-FCD2-455A-A2AA-D4700F1EAE31}.Debug|Any CPU.Build.0 = Debug|Any CPU
		{B45D3827-FCD2-455A-A2AA-D4700F1EAE31}.Debug|x86.ActiveCfg = Debug|Any CPU
		{B45D3827-FCD2-455A-A2AA-D4700F1EAE31}.Debug|x86.Build.0 = Debug|Any CPU
		{B45D3827-FCD2-455A-A2AA-D4700F1EAE31}.DVD-5|Any CPU.ActiveCfg = Debug|Any CPU
		{B45D3827-FCD2-455A-A2AA-D4700F1EAE31}.DVD-5|Any CPU.Build.0 = Debug|Any CPU
		{B45D3827-FCD2-455A-A2AA-D4700F1EAE31}.DVD-5|x86.ActiveCfg = Debug|Any CPU
		{B45D3827-FCD2-455A-A2AA-D4700F1EAE31}.DVD-5|x86.Build.0 = Debug|Any CPU
		{B45D3827-FCD2-455A-A2AA-D4700F1EAE31}.Release|Any CPU.ActiveCfg = Release|Any CPU
		{B45D3827-FCD2-455A-A2AA-D4700F1EAE31}.Release|Any CPU.Build.0 = Release|Any CPU
		{B45D3827-FCD2-455A-A2AA-D4700F1EAE31}.Release|x86.ActiveCfg = Release|Any CPU
		{B45D3827-FCD2-455A-A2AA-D4700F1EAE31}.Release|x86.Build.0 = Release|Any CPU
		{B45D3827-FCD2-455A-A2AA-D4700F1EAE31}.SingleImage|Any CPU.ActiveCfg = Release|Any CPU
		{B45D3827-FCD2-455A-A2AA-D4700F1EAE31}.SingleImage|Any CPU.Build.0 = Release|Any CPU
		{B45D3827-FCD2-455A-A2AA-D4700F1EAE31}.SingleImage|x86.ActiveCfg = Debug|Any CPU
		{B45D3827-FCD2-455A-A2AA-D4700F1EAE31}.SingleImage|x86.Build.0 = Debug|Any CPU
		{A3C9C609-3588-46C1-9122-6BC19B930BF7}.CD_ROM|Any CPU.ActiveCfg = Release|Any CPU
		{A3C9C609-3588-46C1-9122-6BC19B930BF7}.CD_ROM|Any CPU.Build.0 = Release|Any CPU
		{A3C9C609-3588-46C1-9122-6BC19B930BF7}.CD_ROM|x86.ActiveCfg = Debug|Any CPU
		{A3C9C609-3588-46C1-9122-6BC19B930BF7}.CD_ROM|x86.Build.0 = Debug|Any CPU
		{A3C9C609-3588-46C1-9122-6BC19B930BF7}.Debug|Any CPU.ActiveCfg = Debug|Any CPU
		{A3C9C609-3588-46C1-9122-6BC19B930BF7}.Debug|Any CPU.Build.0 = Debug|Any CPU
		{A3C9C609-3588-46C1-9122-6BC19B930BF7}.Debug|x86.ActiveCfg = Debug|Any CPU
		{A3C9C609-3588-46C1-9122-6BC19B930BF7}.Debug|x86.Build.0 = Debug|Any CPU
		{A3C9C609-3588-46C1-9122-6BC19B930BF7}.DVD-5|Any CPU.ActiveCfg = Debug|Any CPU
		{A3C9C609-3588-46C1-9122-6BC19B930BF7}.DVD-5|Any CPU.Build.0 = Debug|Any CPU
		{A3C9C609-3588-46C1-9122-6BC19B930BF7}.DVD-5|x86.ActiveCfg = Debug|Any CPU
		{A3C9C609-3588-46C1-9122-6BC19B930BF7}.DVD-5|x86.Build.0 = Debug|Any CPU
		{A3C9C609-3588-46C1-9122-6BC19B930BF7}.Release|Any CPU.ActiveCfg = Release|Any CPU
		{A3C9C609-3588-46C1-9122-6BC19B930BF7}.Release|Any CPU.Build.0 = Release|Any CPU
		{A3C9C609-3588-46C1-9122-6BC19B930BF7}.Release|x86.ActiveCfg = Release|Any CPU
		{A3C9C609-3588-46C1-9122-6BC19B930BF7}.Release|x86.Build.0 = Release|Any CPU
		{A3C9C609-3588-46C1-9122-6BC19B930BF7}.SingleImage|Any CPU.ActiveCfg = Release|Any CPU
		{A3C9C609-3588-46C1-9122-6BC19B930BF7}.SingleImage|Any CPU.Build.0 = Release|Any CPU
		{A3C9C609-3588-46C1-9122-6BC19B930BF7}.SingleImage|x86.ActiveCfg = Debug|Any CPU
		{A3C9C609-3588-46C1-9122-6BC19B930BF7}.SingleImage|x86.Build.0 = Debug|Any CPU
		{37CDBEB4-CE83-435D-8470-1AC1EFB5BE70}.CD_ROM|Any CPU.ActiveCfg = Release|Any CPU
		{37CDBEB4-CE83-435D-8470-1AC1EFB5BE70}.CD_ROM|Any CPU.Build.0 = Release|Any CPU
		{37CDBEB4-CE83-435D-8470-1AC1EFB5BE70}.CD_ROM|x86.ActiveCfg = Debug|Any CPU
		{37CDBEB4-CE83-435D-8470-1AC1EFB5BE70}.CD_ROM|x86.Build.0 = Debug|Any CPU
		{37CDBEB4-CE83-435D-8470-1AC1EFB5BE70}.Debug|Any CPU.ActiveCfg = Debug|Any CPU
		{37CDBEB4-CE83-435D-8470-1AC1EFB5BE70}.Debug|Any CPU.Build.0 = Debug|Any CPU
		{37CDBEB4-CE83-435D-8470-1AC1EFB5BE70}.Debug|x86.ActiveCfg = Debug|Any CPU
		{37CDBEB4-CE83-435D-8470-1AC1EFB5BE70}.Debug|x86.Build.0 = Debug|Any CPU
		{37CDBEB4-CE83-435D-8470-1AC1EFB5BE70}.DVD-5|Any CPU.ActiveCfg = Debug|Any CPU
		{37CDBEB4-CE83-435D-8470-1AC1EFB5BE70}.DVD-5|Any CPU.Build.0 = Debug|Any CPU
		{37CDBEB4-CE83-435D-8470-1AC1EFB5BE70}.DVD-5|x86.ActiveCfg = Debug|Any CPU
		{37CDBEB4-CE83-435D-8470-1AC1EFB5BE70}.DVD-5|x86.Build.0 = Debug|Any CPU
		{37CDBEB4-CE83-435D-8470-1AC1EFB5BE70}.Release|Any CPU.ActiveCfg = Release|Any CPU
		{37CDBEB4-CE83-435D-8470-1AC1EFB5BE70}.Release|Any CPU.Build.0 = Release|Any CPU
		{37CDBEB4-CE83-435D-8470-1AC1EFB5BE70}.Release|x86.ActiveCfg = Release|Any CPU
		{37CDBEB4-CE83-435D-8470-1AC1EFB5BE70}.Release|x86.Build.0 = Release|Any CPU
		{37CDBEB4-CE83-435D-8470-1AC1EFB5BE70}.SingleImage|Any CPU.ActiveCfg = Release|Any CPU
		{37CDBEB4-CE83-435D-8470-1AC1EFB5BE70}.SingleImage|Any CPU.Build.0 = Release|Any CPU
		{37CDBEB4-CE83-435D-8470-1AC1EFB5BE70}.SingleImage|x86.ActiveCfg = Debug|Any CPU
		{37CDBEB4-CE83-435D-8470-1AC1EFB5BE70}.SingleImage|x86.Build.0 = Debug|Any CPU
		{C927DFCA-FAE8-4F29-BEDE-0FED556CA834}.CD_ROM|Any CPU.ActiveCfg = Release|Any CPU
		{C927DFCA-FAE8-4F29-BEDE-0FED556CA834}.CD_ROM|Any CPU.Build.0 = Release|Any CPU
		{C927DFCA-FAE8-4F29-BEDE-0FED556CA834}.CD_ROM|x86.ActiveCfg = Release|x86
		{C927DFCA-FAE8-4F29-BEDE-0FED556CA834}.CD_ROM|x86.Build.0 = Release|x86
		{C927DFCA-FAE8-4F29-BEDE-0FED556CA834}.Debug|Any CPU.ActiveCfg = Debug|Any CPU
		{C927DFCA-FAE8-4F29-BEDE-0FED556CA834}.Debug|Any CPU.Build.0 = Debug|Any CPU
		{C927DFCA-FAE8-4F29-BEDE-0FED556CA834}.Debug|x86.ActiveCfg = Debug|x86
		{C927DFCA-FAE8-4F29-BEDE-0FED556CA834}.Debug|x86.Build.0 = Debug|x86
		{C927DFCA-FAE8-4F29-BEDE-0FED556CA834}.DVD-5|Any CPU.ActiveCfg = Debug|Any CPU
		{C927DFCA-FAE8-4F29-BEDE-0FED556CA834}.DVD-5|Any CPU.Build.0 = Debug|Any CPU
		{C927DFCA-FAE8-4F29-BEDE-0FED556CA834}.DVD-5|x86.ActiveCfg = Debug|x86
		{C927DFCA-FAE8-4F29-BEDE-0FED556CA834}.DVD-5|x86.Build.0 = Debug|x86
		{C927DFCA-FAE8-4F29-BEDE-0FED556CA834}.Release|Any CPU.ActiveCfg = Release|Any CPU
		{C927DFCA-FAE8-4F29-BEDE-0FED556CA834}.Release|Any CPU.Build.0 = Release|Any CPU
		{C927DFCA-FAE8-4F29-BEDE-0FED556CA834}.Release|x86.ActiveCfg = Release|x86
		{C927DFCA-FAE8-4F29-BEDE-0FED556CA834}.Release|x86.Build.0 = Release|x86
		{C927DFCA-FAE8-4F29-BEDE-0FED556CA834}.SingleImage|Any CPU.ActiveCfg = Release|Any CPU
		{C927DFCA-FAE8-4F29-BEDE-0FED556CA834}.SingleImage|Any CPU.Build.0 = Release|Any CPU
		{C927DFCA-FAE8-4F29-BEDE-0FED556CA834}.SingleImage|x86.ActiveCfg = Release|x86
		{C927DFCA-FAE8-4F29-BEDE-0FED556CA834}.SingleImage|x86.Build.0 = Release|x86
	EndGlobalSection
	GlobalSection(SolutionProperties) = preSolution
		HideSolutionNode = FALSE
	EndGlobalSection
EndGlobal
